// !$*UTF8*$!
{
	archiveVersion = 1;
	classes = {
	};
	objectVersion = 46;
	objects = {

/* Begin PBXBuildFile section */
		2009D7BE2237B83800A94F4C /* TableCellRegisterer.swift in Sources */ = {isa = PBXBuildFile; fileRef = 2009D7A22237B83800A94F4C /* TableCellRegisterer.swift */; };
		2009D7BF2237B83800A94F4C /* Animator.swift in Sources */ = {isa = PBXBuildFile; fileRef = 2009D7A32237B83800A94F4C /* Animator.swift */; };
		2009D7C02237B83800A94F4C /* TableViewDataSourceAndDelegate.swift in Sources */ = {isa = PBXBuildFile; fileRef = 2009D7A52237B83800A94F4C /* TableViewDataSourceAndDelegate.swift */; };
		2009D7C12237B83800A94F4C /* CollectionViewDataSourceAndDelegate.swift in Sources */ = {isa = PBXBuildFile; fileRef = 2009D7A62237B83800A94F4C /* CollectionViewDataSourceAndDelegate.swift */; };
		2009D7C22237B83800A94F4C /* STKTableSection.swift in Sources */ = {isa = PBXBuildFile; fileRef = 2009D7AA2237B83800A94F4C /* STKTableSection.swift */; };
		2009D7C32237B83800A94F4C /* STKSection.swift in Sources */ = {isa = PBXBuildFile; fileRef = 2009D7AB2237B83800A94F4C /* STKSection.swift */; };
		2009D7C42237B83800A94F4C /* STKCollectionSection.swift in Sources */ = {isa = PBXBuildFile; fileRef = 2009D7AC2237B83800A94F4C /* STKCollectionSection.swift */; };
		2009D7C52237B83800A94F4C /* STKItem.swift in Sources */ = {isa = PBXBuildFile; fileRef = 2009D7AE2237B83800A94F4C /* STKItem.swift */; };
		2009D7C62237B83800A94F4C /* STKExtensions.swift in Sources */ = {isa = PBXBuildFile; fileRef = 2009D7AF2237B83800A94F4C /* STKExtensions.swift */; };
		2009D7C72237B83800A94F4C /* STKItemAction.swift in Sources */ = {isa = PBXBuildFile; fileRef = 2009D7B02237B83800A94F4C /* STKItemAction.swift */; };
		2009D7C82237B83800A94F4C /* STKProtocols.swift in Sources */ = {isa = PBXBuildFile; fileRef = 2009D7B12237B83800A94F4C /* STKProtocols.swift */; };
		2009D7C92237B83800A94F4C /* STKSafeArray.swift in Sources */ = {isa = PBXBuildFile; fileRef = 2009D7B22237B83800A94F4C /* STKSafeArray.swift */; };
		2009D7CA2237B83800A94F4C /* STKManager.swift in Sources */ = {isa = PBXBuildFile; fileRef = 2009D7B32237B83800A94F4C /* STKManager.swift */; };
		2009D7CB2237B83800A94F4C /* ApplyAnimationOptions.swift in Sources */ = {isa = PBXBuildFile; fileRef = 2009D7B52237B83800A94F4C /* ApplyAnimationOptions.swift */; };
		2009D7CC2237B83800A94F4C /* TableAnimatorConfiguration.swift in Sources */ = {isa = PBXBuildFile; fileRef = 2009D7B62237B83800A94F4C /* TableAnimatorConfiguration.swift */; };
		2009D7CD2237B83800A94F4C /* SingleSectionTableAnimator.swift in Sources */ = {isa = PBXBuildFile; fileRef = 2009D7B72237B83800A94F4C /* SingleSectionTableAnimator.swift */; };
		2009D7CE2237B83800A94F4C /* ApplyHelpers.swift in Sources */ = {isa = PBXBuildFile; fileRef = 2009D7B82237B83800A94F4C /* ApplyHelpers.swift */; };
		2009D7CF2237B83800A94F4C /* TableAnimationSafeApplier.swift in Sources */ = {isa = PBXBuildFile; fileRef = 2009D7B92237B83800A94F4C /* TableAnimationSafeApplier.swift */; };
		2009D7D02237B83800A94F4C /* TableAnimationApplier.swift in Sources */ = {isa = PBXBuildFile; fileRef = 2009D7BA2237B83800A94F4C /* TableAnimationApplier.swift */; };
		2009D7D12237B83800A94F4C /* TableAnimator.swift in Sources */ = {isa = PBXBuildFile; fileRef = 2009D7BB2237B83800A94F4C /* TableAnimator.swift */; };
		2009D7D22237B83800A94F4C /* TableAnimations.swift in Sources */ = {isa = PBXBuildFile; fileRef = 2009D7BC2237B83800A94F4C /* TableAnimations.swift */; };
		2009D7D32237B83800A94F4C /* TableAnimationsProtocols.swift in Sources */ = {isa = PBXBuildFile; fileRef = 2009D7BD2237B83800A94F4C /* TableAnimationsProtocols.swift */; };
/* End PBXBuildFile section */

/* Begin PBXFileReference section */
		2009D7A22237B83800A94F4C /* TableCellRegisterer.swift */ = {isa = PBXFileReference; fileEncoding = 4; lastKnownFileType = sourcecode.swift; path = TableCellRegisterer.swift; sourceTree = "<group>"; };
		2009D7A32237B83800A94F4C /* Animator.swift */ = {isa = PBXFileReference; fileEncoding = 4; lastKnownFileType = sourcecode.swift; path = Animator.swift; sourceTree = "<group>"; };
		2009D7A52237B83800A94F4C /* TableViewDataSourceAndDelegate.swift */ = {isa = PBXFileReference; fileEncoding = 4; lastKnownFileType = sourcecode.swift; path = TableViewDataSourceAndDelegate.swift; sourceTree = "<group>"; };
		2009D7A62237B83800A94F4C /* CollectionViewDataSourceAndDelegate.swift */ = {isa = PBXFileReference; fileEncoding = 4; lastKnownFileType = sourcecode.swift; path = CollectionViewDataSourceAndDelegate.swift; sourceTree = "<group>"; };
		2009D7AA2237B83800A94F4C /* STKTableSection.swift */ = {isa = PBXFileReference; fileEncoding = 4; lastKnownFileType = sourcecode.swift; path = STKTableSection.swift; sourceTree = "<group>"; };
		2009D7AB2237B83800A94F4C /* STKSection.swift */ = {isa = PBXFileReference; fileEncoding = 4; lastKnownFileType = sourcecode.swift; path = STKSection.swift; sourceTree = "<group>"; };
		2009D7AC2237B83800A94F4C /* STKCollectionSection.swift */ = {isa = PBXFileReference; fileEncoding = 4; lastKnownFileType = sourcecode.swift; path = STKCollectionSection.swift; sourceTree = "<group>"; };
		2009D7AE2237B83800A94F4C /* STKItem.swift */ = {isa = PBXFileReference; fileEncoding = 4; lastKnownFileType = sourcecode.swift; path = STKItem.swift; sourceTree = "<group>"; };
		2009D7AF2237B83800A94F4C /* STKExtensions.swift */ = {isa = PBXFileReference; fileEncoding = 4; lastKnownFileType = sourcecode.swift; path = STKExtensions.swift; sourceTree = "<group>"; };
		2009D7B02237B83800A94F4C /* STKItemAction.swift */ = {isa = PBXFileReference; fileEncoding = 4; lastKnownFileType = sourcecode.swift; path = STKItemAction.swift; sourceTree = "<group>"; };
		2009D7B12237B83800A94F4C /* STKProtocols.swift */ = {isa = PBXFileReference; fileEncoding = 4; lastKnownFileType = sourcecode.swift; path = STKProtocols.swift; sourceTree = "<group>"; };
		2009D7B22237B83800A94F4C /* STKSafeArray.swift */ = {isa = PBXFileReference; fileEncoding = 4; lastKnownFileType = sourcecode.swift; path = STKSafeArray.swift; sourceTree = "<group>"; };
		2009D7B32237B83800A94F4C /* STKManager.swift */ = {isa = PBXFileReference; fileEncoding = 4; lastKnownFileType = sourcecode.swift; path = STKManager.swift; sourceTree = "<group>"; };
		2009D7B52237B83800A94F4C /* ApplyAnimationOptions.swift */ = {isa = PBXFileReference; fileEncoding = 4; lastKnownFileType = sourcecode.swift; path = ApplyAnimationOptions.swift; sourceTree = "<group>"; };
		2009D7B62237B83800A94F4C /* TableAnimatorConfiguration.swift */ = {isa = PBXFileReference; fileEncoding = 4; lastKnownFileType = sourcecode.swift; path = TableAnimatorConfiguration.swift; sourceTree = "<group>"; };
		2009D7B72237B83800A94F4C /* SingleSectionTableAnimator.swift */ = {isa = PBXFileReference; fileEncoding = 4; lastKnownFileType = sourcecode.swift; path = SingleSectionTableAnimator.swift; sourceTree = "<group>"; };
		2009D7B82237B83800A94F4C /* ApplyHelpers.swift */ = {isa = PBXFileReference; fileEncoding = 4; lastKnownFileType = sourcecode.swift; path = ApplyHelpers.swift; sourceTree = "<group>"; };
		2009D7B92237B83800A94F4C /* TableAnimationSafeApplier.swift */ = {isa = PBXFileReference; fileEncoding = 4; lastKnownFileType = sourcecode.swift; path = TableAnimationSafeApplier.swift; sourceTree = "<group>"; };
		2009D7BA2237B83800A94F4C /* TableAnimationApplier.swift */ = {isa = PBXFileReference; fileEncoding = 4; lastKnownFileType = sourcecode.swift; path = TableAnimationApplier.swift; sourceTree = "<group>"; };
		2009D7BB2237B83800A94F4C /* TableAnimator.swift */ = {isa = PBXFileReference; fileEncoding = 4; lastKnownFileType = sourcecode.swift; path = TableAnimator.swift; sourceTree = "<group>"; };
		2009D7BC2237B83800A94F4C /* TableAnimations.swift */ = {isa = PBXFileReference; fileEncoding = 4; lastKnownFileType = sourcecode.swift; path = TableAnimations.swift; sourceTree = "<group>"; };
		2009D7BD2237B83800A94F4C /* TableAnimationsProtocols.swift */ = {isa = PBXFileReference; fileEncoding = 4; lastKnownFileType = sourcecode.swift; path = TableAnimationsProtocols.swift; sourceTree = "<group>"; };
		DA9EA7561D0B679A0021F650 /* SbisTableKit.framework */ = {isa = PBXFileReference; explicitFileType = wrapper.framework; includeInIndex = 0; path = SbisTableKit.framework; sourceTree = BUILT_PRODUCTS_DIR; };
		DA9EA7B91D0EC34E0021F650 /* SbisTableKit.plist */ = {isa = PBXFileReference; fileEncoding = 4; lastKnownFileType = text.plist.xml; path = SbisTableKit.plist; sourceTree = "<group>"; };
		DA9EA7BA1D0EC34E0021F650 /* SbisTableKitTests.plist */ = {isa = PBXFileReference; fileEncoding = 4; lastKnownFileType = text.plist.xml; path = SbisTableKitTests.plist; sourceTree = "<group>"; };
/* End PBXFileReference section */

/* Begin PBXFrameworksBuildPhase section */
		DA9EA7521D0B679A0021F650 /* Frameworks */ = {
			isa = PBXFrameworksBuildPhase;
			buildActionMask = 2147483647;
			files = (
			);
			runOnlyForDeploymentPostprocessing = 0;
		};
/* End PBXFrameworksBuildPhase section */

/* Begin PBXGroup section */
		2009D7A02237B83800A94F4C /* Code */ = {
			isa = PBXGroup;
			children = (
				2009D7A12237B83800A94F4C /* Internal */,
				2009D7A72237B83800A94F4C /* public */,
				2009D7B42237B83800A94F4C /* tableAnimator */,
			);
			path = Code;
			sourceTree = "<group>";
		};
		2009D7A12237B83800A94F4C /* Internal */ = {
			isa = PBXGroup;
			children = (
				2009D7A22237B83800A94F4C /* TableCellRegisterer.swift */,
				2009D7A32237B83800A94F4C /* Animator.swift */,
				2009D7A42237B83800A94F4C /* dataSourceAndDelegates */,
			);
			path = Internal;
			sourceTree = "<group>";
		};
		2009D7A42237B83800A94F4C /* dataSourceAndDelegates */ = {
			isa = PBXGroup;
			children = (
				2009D7A52237B83800A94F4C /* TableViewDataSourceAndDelegate.swift */,
				2009D7A62237B83800A94F4C /* CollectionViewDataSourceAndDelegate.swift */,
			);
			path = dataSourceAndDelegates;
			sourceTree = "<group>";
		};
		2009D7A72237B83800A94F4C /* public */ = {
			isa = PBXGroup;
			children = (
				2009D7A82237B83800A94F4C /* models */,
				2009D7AF2237B83800A94F4C /* STKExtensions.swift */,
				2009D7B02237B83800A94F4C /* STKItemAction.swift */,
				2009D7B12237B83800A94F4C /* STKProtocols.swift */,
				2009D7B22237B83800A94F4C /* STKSafeArray.swift */,
				2009D7B32237B83800A94F4C /* STKManager.swift */,
			);
			path = public;
			sourceTree = "<group>";
		};
		2009D7A82237B83800A94F4C /* models */ = {
			isa = PBXGroup;
			children = (
				2009D7A92237B83800A94F4C /* sections */,
				2009D7AD2237B83800A94F4C /* item */,
			);
			path = models;
			sourceTree = "<group>";
		};
		2009D7A92237B83800A94F4C /* sections */ = {
			isa = PBXGroup;
			children = (
				2009D7AA2237B83800A94F4C /* STKTableSection.swift */,
				2009D7AB2237B83800A94F4C /* STKSection.swift */,
				2009D7AC2237B83800A94F4C /* STKCollectionSection.swift */,
			);
			path = sections;
			sourceTree = "<group>";
		};
		2009D7AD2237B83800A94F4C /* item */ = {
			isa = PBXGroup;
			children = (
				2009D7AE2237B83800A94F4C /* STKItem.swift */,
			);
			path = item;
			sourceTree = "<group>";
		};
		2009D7B42237B83800A94F4C /* tableAnimator */ = {
			isa = PBXGroup;
			children = (
				2009D7B52237B83800A94F4C /* ApplyAnimationOptions.swift */,
				2009D7B62237B83800A94F4C /* TableAnimatorConfiguration.swift */,
				2009D7B72237B83800A94F4C /* SingleSectionTableAnimator.swift */,
				2009D7B82237B83800A94F4C /* ApplyHelpers.swift */,
				2009D7B92237B83800A94F4C /* TableAnimationSafeApplier.swift */,
				2009D7BA2237B83800A94F4C /* TableAnimationApplier.swift */,
				2009D7BB2237B83800A94F4C /* TableAnimator.swift */,
				2009D7BC2237B83800A94F4C /* TableAnimations.swift */,
				2009D7BD2237B83800A94F4C /* TableAnimationsProtocols.swift */,
			);
			path = tableAnimator;
			sourceTree = "<group>";
		};
		DA9EA74C1D0B679A0021F650 = {
			isa = PBXGroup;
			children = (
				DA9EA7B81D0EC31B0021F650 /* Configs */,
				DA9EA7571D0B679A0021F650 /* Products */,
				DA9EA7A51D0EC2B90021F650 /* Sources */,
			);
			sourceTree = "<group>";
		};
		DA9EA7571D0B679A0021F650 /* Products */ = {
			isa = PBXGroup;
			children = (
				DA9EA7561D0B679A0021F650 /* SbisTableKit.framework */,
			);
			name = Products;
			sourceTree = "<group>";
		};
		DA9EA7A51D0EC2B90021F650 /* Sources */ = {
			isa = PBXGroup;
			children = (
				2009D7A02237B83800A94F4C /* Code */,
			);
			path = Sources;
			sourceTree = "<group>";
		};
		DA9EA7B81D0EC31B0021F650 /* Configs */ = {
			isa = PBXGroup;
			children = (
				DA9EA7B91D0EC34E0021F650 /* SbisTableKit.plist */,
				DA9EA7BA1D0EC34E0021F650 /* SbisTableKitTests.plist */,
			);
			path = Configs;
			sourceTree = "<group>";
		};
/* End PBXGroup section */

/* Begin PBXHeadersBuildPhase section */
		DA9EA7531D0B679A0021F650 /* Headers */ = {
			isa = PBXHeadersBuildPhase;
			buildActionMask = 2147483647;
			files = (
			);
			runOnlyForDeploymentPostprocessing = 0;
		};
/* End PBXHeadersBuildPhase section */

/* Begin PBXNativeTarget section */
		DA9EA7551D0B679A0021F650 /* SbisTableKit */ = {
			isa = PBXNativeTarget;
			buildConfigurationList = DA9EA75E1D0B679A0021F650 /* Build configuration list for PBXNativeTarget "SbisTableKit" */;
			buildPhases = (
				DA9EA7511D0B679A0021F650 /* Sources */,
				DA9EA7521D0B679A0021F650 /* Frameworks */,
				DA9EA7531D0B679A0021F650 /* Headers */,
				DA9EA7541D0B679A0021F650 /* Resources */,
			);
			buildRules = (
			);
			dependencies = (
			);
			name = SbisTableKit;
			productName = TableKit;
			productReference = DA9EA7561D0B679A0021F650 /* SbisTableKit.framework */;
			productType = "com.apple.product-type.framework";
		};
/* End PBXNativeTarget section */

/* Begin PBXProject section */
		DA9EA74D1D0B679A0021F650 /* Project object */ = {
			isa = PBXProject;
			attributes = {
				LastSwiftUpdateCheck = 0730;
				LastUpgradeCheck = 1000;
				ORGANIZATIONNAME = Tensor;
				TargetAttributes = {
					DA9EA7551D0B679A0021F650 = {
						CreatedOnToolsVersion = 7.3;
						LastSwiftMigration = 1000;
					};
				};
			};
			buildConfigurationList = DA9EA7501D0B679A0021F650 /* Build configuration list for PBXProject "SbisTableKit" */;
			compatibilityVersion = "Xcode 3.2";
			developmentRegion = English;
			hasScannedForEncodings = 0;
			knownRegions = (
				en,
			);
			mainGroup = DA9EA74C1D0B679A0021F650;
			productRefGroup = DA9EA7571D0B679A0021F650 /* Products */;
			projectDirPath = "";
			projectRoot = "";
			targets = (
				DA9EA7551D0B679A0021F650 /* SbisTableKit */,
			);
		};
/* End PBXProject section */

/* Begin PBXResourcesBuildPhase section */
		DA9EA7541D0B679A0021F650 /* Resources */ = {
			isa = PBXResourcesBuildPhase;
			buildActionMask = 2147483647;
			files = (
			);
			runOnlyForDeploymentPostprocessing = 0;
		};
/* End PBXResourcesBuildPhase section */

/* Begin PBXSourcesBuildPhase section */
		DA9EA7511D0B679A0021F650 /* Sources */ = {
			isa = PBXSourcesBuildPhase;
			buildActionMask = 2147483647;
			files = (
				2009D7CF2237B83800A94F4C /* TableAnimationSafeApplier.swift in Sources */,
				2009D7C12237B83800A94F4C /* CollectionViewDataSourceAndDelegate.swift in Sources */,
				2009D7C52237B83800A94F4C /* STKItem.swift in Sources */,
				2009D7D02237B83800A94F4C /* TableAnimationApplier.swift in Sources */,
				2009D7C22237B83800A94F4C /* STKTableSection.swift in Sources */,
				2009D7D32237B83800A94F4C /* TableAnimationsProtocols.swift in Sources */,
				2009D7C72237B83800A94F4C /* STKItemAction.swift in Sources */,
				2009D7CC2237B83800A94F4C /* TableAnimatorConfiguration.swift in Sources */,
				2009D7D22237B83800A94F4C /* TableAnimations.swift in Sources */,
				2009D7C32237B83800A94F4C /* STKSection.swift in Sources */,
				2009D7CA2237B83800A94F4C /* STKManager.swift in Sources */,
				2009D7C92237B83800A94F4C /* STKSafeArray.swift in Sources */,
				2009D7BF2237B83800A94F4C /* Animator.swift in Sources */,
				2009D7CB2237B83800A94F4C /* ApplyAnimationOptions.swift in Sources */,
				2009D7CD2237B83800A94F4C /* SingleSectionTableAnimator.swift in Sources */,
				2009D7BE2237B83800A94F4C /* TableCellRegisterer.swift in Sources */,
				2009D7CE2237B83800A94F4C /* ApplyHelpers.swift in Sources */,
				2009D7C42237B83800A94F4C /* STKCollectionSection.swift in Sources */,
				2009D7C62237B83800A94F4C /* STKExtensions.swift in Sources */,
				2009D7D12237B83800A94F4C /* TableAnimator.swift in Sources */,
				2009D7C02237B83800A94F4C /* TableViewDataSourceAndDelegate.swift in Sources */,
				2009D7C82237B83800A94F4C /* STKProtocols.swift in Sources */,
			);
			runOnlyForDeploymentPostprocessing = 0;
		};
/* End PBXSourcesBuildPhase section */

/* Begin XCBuildConfiguration section */
		DA9EA75C1D0B679A0021F650 /* Debug */ = {
			isa = XCBuildConfiguration;
			buildSettings = {
				ALWAYS_SEARCH_USER_PATHS = NO;
				CLANG_ANALYZER_NONNULL = YES;
				CLANG_CXX_LANGUAGE_STANDARD = "gnu++0x";
				CLANG_CXX_LIBRARY = "libc++";
				CLANG_ENABLE_MODULES = YES;
				CLANG_ENABLE_OBJC_ARC = YES;
				CLANG_WARN_BLOCK_CAPTURE_AUTORELEASING = YES;
				CLANG_WARN_BOOL_CONVERSION = YES;
				CLANG_WARN_COMMA = YES;
				CLANG_WARN_CONSTANT_CONVERSION = YES;
				CLANG_WARN_DEPRECATED_OBJC_IMPLEMENTATIONS = YES;
				CLANG_WARN_DIRECT_OBJC_ISA_USAGE = YES_ERROR;
				CLANG_WARN_EMPTY_BODY = YES;
				CLANG_WARN_ENUM_CONVERSION = YES;
				CLANG_WARN_INFINITE_RECURSION = YES;
				CLANG_WARN_INT_CONVERSION = YES;
				CLANG_WARN_NON_LITERAL_NULL_CONVERSION = YES;
				CLANG_WARN_OBJC_IMPLICIT_RETAIN_SELF = YES;
				CLANG_WARN_OBJC_LITERAL_CONVERSION = YES;
				CLANG_WARN_OBJC_ROOT_CLASS = YES_ERROR;
				CLANG_WARN_RANGE_LOOP_ANALYSIS = YES;
				CLANG_WARN_STRICT_PROTOTYPES = YES;
				CLANG_WARN_SUSPICIOUS_MOVE = YES;
				CLANG_WARN_UNREACHABLE_CODE = YES;
				CLANG_WARN__DUPLICATE_METHOD_MATCH = YES;
				"CODE_SIGN_IDENTITY[sdk=iphoneos*]" = "iPhone Developer";
				COPY_PHASE_STRIP = NO;
				CURRENT_PROJECT_VERSION = 1;
				DEBUG_INFORMATION_FORMAT = dwarf;
				ENABLE_STRICT_OBJC_MSGSEND = YES;
				ENABLE_TESTABILITY = YES;
				GCC_C_LANGUAGE_STANDARD = gnu99;
				GCC_DYNAMIC_NO_PIC = NO;
				GCC_NO_COMMON_BLOCKS = YES;
				GCC_OPTIMIZATION_LEVEL = 0;
				GCC_PREPROCESSOR_DEFINITIONS = (
					"DEBUG=1",
					"$(inherited)",
				);
				GCC_WARN_64_TO_32_BIT_CONVERSION = YES;
				GCC_WARN_ABOUT_RETURN_TYPE = YES_ERROR;
				GCC_WARN_UNDECLARED_SELECTOR = YES;
				GCC_WARN_UNINITIALIZED_AUTOS = YES_AGGRESSIVE;
				GCC_WARN_UNUSED_FUNCTION = YES;
				GCC_WARN_UNUSED_VARIABLE = YES;
				IPHONEOS_DEPLOYMENT_TARGET = 8.0;
				MTL_ENABLE_DEBUG_INFO = YES;
				ONLY_ACTIVE_ARCH = YES;
				SDKROOT = iphoneos;
				SWIFT_OPTIMIZATION_LEVEL = "-Onone";
				SWIFT_VERSION = 4.0;
				TARGETED_DEVICE_FAMILY = "1,2";
				VERSIONING_SYSTEM = "apple-generic";
				VERSION_INFO_PREFIX = "";
			};
			name = Debug;
		};
		DA9EA75D1D0B679A0021F650 /* Release */ = {
			isa = XCBuildConfiguration;
			buildSettings = {
				ALWAYS_SEARCH_USER_PATHS = NO;
				CLANG_ANALYZER_NONNULL = YES;
				CLANG_CXX_LANGUAGE_STANDARD = "gnu++0x";
				CLANG_CXX_LIBRARY = "libc++";
				CLANG_ENABLE_MODULES = YES;
				CLANG_ENABLE_OBJC_ARC = YES;
				CLANG_WARN_BLOCK_CAPTURE_AUTORELEASING = YES;
				CLANG_WARN_BOOL_CONVERSION = YES;
				CLANG_WARN_COMMA = YES;
				CLANG_WARN_CONSTANT_CONVERSION = YES;
				CLANG_WARN_DEPRECATED_OBJC_IMPLEMENTATIONS = YES;
				CLANG_WARN_DIRECT_OBJC_ISA_USAGE = YES_ERROR;
				CLANG_WARN_EMPTY_BODY = YES;
				CLANG_WARN_ENUM_CONVERSION = YES;
				CLANG_WARN_INFINITE_RECURSION = YES;
				CLANG_WARN_INT_CONVERSION = YES;
				CLANG_WARN_NON_LITERAL_NULL_CONVERSION = YES;
				CLANG_WARN_OBJC_IMPLICIT_RETAIN_SELF = YES;
				CLANG_WARN_OBJC_LITERAL_CONVERSION = YES;
				CLANG_WARN_OBJC_ROOT_CLASS = YES_ERROR;
				CLANG_WARN_RANGE_LOOP_ANALYSIS = YES;
				CLANG_WARN_STRICT_PROTOTYPES = YES;
				CLANG_WARN_SUSPICIOUS_MOVE = YES;
				CLANG_WARN_UNREACHABLE_CODE = YES;
				CLANG_WARN__DUPLICATE_METHOD_MATCH = YES;
				"CODE_SIGN_IDENTITY[sdk=iphoneos*]" = "iPhone Developer";
				COPY_PHASE_STRIP = NO;
				CURRENT_PROJECT_VERSION = 1;
				DEBUG_INFORMATION_FORMAT = "dwarf-with-dsym";
				ENABLE_NS_ASSERTIONS = NO;
				ENABLE_STRICT_OBJC_MSGSEND = YES;
				GCC_C_LANGUAGE_STANDARD = gnu99;
				GCC_NO_COMMON_BLOCKS = YES;
				GCC_WARN_64_TO_32_BIT_CONVERSION = YES;
				GCC_WARN_ABOUT_RETURN_TYPE = YES_ERROR;
				GCC_WARN_UNDECLARED_SELECTOR = YES;
				GCC_WARN_UNINITIALIZED_AUTOS = YES_AGGRESSIVE;
				GCC_WARN_UNUSED_FUNCTION = YES;
				GCC_WARN_UNUSED_VARIABLE = YES;
				IPHONEOS_DEPLOYMENT_TARGET = 8.0;
				MTL_ENABLE_DEBUG_INFO = NO;
				SDKROOT = iphoneos;
				SWIFT_OPTIMIZATION_LEVEL = "-Owholemodule";
				SWIFT_VERSION = 4.0;
				TARGETED_DEVICE_FAMILY = "1,2";
				VALIDATE_PRODUCT = YES;
				VERSIONING_SYSTEM = "apple-generic";
				VERSION_INFO_PREFIX = "";
			};
			name = Release;
		};
		DA9EA75F1D0B679A0021F650 /* Debug */ = {
			isa = XCBuildConfiguration;
			buildSettings = {
				CLANG_ENABLE_MODULES = YES;
				"CODE_SIGN_IDENTITY[sdk=iphoneos*]" = "";
				DEFINES_MODULE = YES;
				DYLIB_COMPATIBILITY_VERSION = 1;
				DYLIB_CURRENT_VERSION = 1;
				DYLIB_INSTALL_NAME_BASE = "@rpath";
				INFOPLIST_FILE = Configs/SbisTableKit.plist;
				INSTALL_PATH = "$(LOCAL_LIBRARY_DIR)/Frameworks";
				IPHONEOS_DEPLOYMENT_TARGET = 8.0;
				LD_RUNPATH_SEARCH_PATHS = "$(inherited) @executable_path/Frameworks @loader_path/Frameworks";
				PRODUCT_BUNDLE_IDENTIFIER = com.tablekit.TableKit;
				PRODUCT_NAME = "$(TARGET_NAME)";
				SKIP_INSTALL = YES;
				SWIFT_OPTIMIZATION_LEVEL = "-Onone";
				SWIFT_VERSION = 4.2;
			};
			name = Debug;
		};
		DA9EA7601D0B679A0021F650 /* Release */ = {
			isa = XCBuildConfiguration;
			buildSettings = {
				CLANG_ENABLE_MODULES = YES;
				"CODE_SIGN_IDENTITY[sdk=iphoneos*]" = "";
				DEFINES_MODULE = YES;
				DYLIB_COMPATIBILITY_VERSION = 1;
				DYLIB_CURRENT_VERSION = 1;
				DYLIB_INSTALL_NAME_BASE = "@rpath";
				INFOPLIST_FILE = Configs/SbisTableKit.plist;
				INSTALL_PATH = "$(LOCAL_LIBRARY_DIR)/Frameworks";
				IPHONEOS_DEPLOYMENT_TARGET = 8.0;
				LD_RUNPATH_SEARCH_PATHS = "$(inherited) @executable_path/Frameworks @loader_path/Frameworks";
				PRODUCT_BUNDLE_IDENTIFIER = com.tablekit.TableKit;
				PRODUCT_NAME = "$(TARGET_NAME)";
				SKIP_INSTALL = YES;
				SWIFT_VERSION = 4.2;
			};
			name = Release;
		};
/* End XCBuildConfiguration section */

/* Begin XCConfigurationList section */
		DA9EA7501D0B679A0021F650 /* Build configuration list for PBXProject "SbisTableKit" */ = {
			isa = XCConfigurationList;
			buildConfigurations = (
				DA9EA75C1D0B679A0021F650 /* Debug */,
				DA9EA75D1D0B679A0021F650 /* Release */,
			);
			defaultConfigurationIsVisible = 0;
			defaultConfigurationName = Release;
		};
		DA9EA75E1D0B679A0021F650 /* Build configuration list for PBXNativeTarget "SbisTableKit" */ = {
			isa = XCConfigurationList;
			buildConfigurations = (
				DA9EA75F1D0B679A0021F650 /* Debug */,
				DA9EA7601D0B679A0021F650 /* Release */,
			);
			defaultConfigurationIsVisible = 0;
			defaultConfigurationName = Release;
		};
/* End XCConfigurationList section */
	};
	rootObject = DA9EA74D1D0B679A0021F650 /* Project object */;
}
