// !$*UTF8*$!
{
	archiveVersion = 1;
	classes = {
	};
	objectVersion = 46;
	objects = {

/* Begin PBXBuildFile section */
		2009D79C2237AA1B00A94F4C /* STKSection.swift in Sources */ = {isa = PBXBuildFile; fileRef = 2009D7972237AA1B00A94F4C /* STKSection.swift */; };
		2009D79D2237AA1B00A94F4C /* STKCollectionSection.swift in Sources */ = {isa = PBXBuildFile; fileRef = 2009D7982237AA1B00A94F4C /* STKCollectionSection.swift */; };
		2009D79E2237AA1B00A94F4C /* STKTableSection.swift in Sources */ = {isa = PBXBuildFile; fileRef = 2009D7992237AA1B00A94F4C /* STKTableSection.swift */; };
		2009D79F2237AA1B00A94F4C /* STKItem.swift in Sources */ = {isa = PBXBuildFile; fileRef = 2009D79B2237AA1B00A94F4C /* STKItem.swift */; };
		2035607B2227CDB700D80F30 /* TableCellRegisterer.swift in Sources */ = {isa = PBXBuildFile; fileRef = 2035606F2227CDB700D80F30 /* TableCellRegisterer.swift */; };
		2035607C2227CDB700D80F30 /* STKSafeArray.swift in Sources */ = {isa = PBXBuildFile; fileRef = 203560702227CDB700D80F30 /* STKSafeArray.swift */; };
		203560802227CDB700D80F30 /* STKItemAction.swift in Sources */ = {isa = PBXBuildFile; fileRef = 203560742227CDB700D80F30 /* STKItemAction.swift */; };
		204C77F9222CF12C00F6C995 /* TableManager.swift in Sources */ = {isa = PBXBuildFile; fileRef = 204C77F8222CF12C00F6C995 /* TableManager.swift */; };
		20C4EE96222E9CB900ECBCF0 /* Animator.swift in Sources */ = {isa = PBXBuildFile; fileRef = 20C4EE95222E9CB900ECBCF0 /* Animator.swift */; };
		20E5E5B222364E3A000365A3 /* ApplyAnimationOptions.swift in Sources */ = {isa = PBXBuildFile; fileRef = 20E5E5A922364E3A000365A3 /* ApplyAnimationOptions.swift */; };
		20E5E5B322364E3A000365A3 /* TableAnimatorConfiguration.swift in Sources */ = {isa = PBXBuildFile; fileRef = 20E5E5AA22364E3A000365A3 /* TableAnimatorConfiguration.swift */; };
		20E5E5B422364E3A000365A3 /* SingleSectionTableAnimator.swift in Sources */ = {isa = PBXBuildFile; fileRef = 20E5E5AB22364E3A000365A3 /* SingleSectionTableAnimator.swift */; };
		20E5E5B522364E3A000365A3 /* ApplyHelpers.swift in Sources */ = {isa = PBXBuildFile; fileRef = 20E5E5AC22364E3A000365A3 /* ApplyHelpers.swift */; };
		20E5E5B622364E3A000365A3 /* TableAnimationSafeApplier.swift in Sources */ = {isa = PBXBuildFile; fileRef = 20E5E5AD22364E3A000365A3 /* TableAnimationSafeApplier.swift */; };
		20E5E5B722364E3A000365A3 /* TableAnimationApplier.swift in Sources */ = {isa = PBXBuildFile; fileRef = 20E5E5AE22364E3A000365A3 /* TableAnimationApplier.swift */; };
		20E5E5B822364E3A000365A3 /* TableAnimator.swift in Sources */ = {isa = PBXBuildFile; fileRef = 20E5E5AF22364E3A000365A3 /* TableAnimator.swift */; };
		20E5E5B922364E3A000365A3 /* TableAnimations.swift in Sources */ = {isa = PBXBuildFile; fileRef = 20E5E5B022364E3A000365A3 /* TableAnimations.swift */; };
		20E5E5BA22364E3A000365A3 /* TableAnimationsProtocols.swift in Sources */ = {isa = PBXBuildFile; fileRef = 20E5E5B122364E3A000365A3 /* TableAnimationsProtocols.swift */; };
		20E5E5C9223794E5000365A3 /* STKProtocols.swift in Sources */ = {isa = PBXBuildFile; fileRef = 20E5E5C8223794E5000365A3 /* STKProtocols.swift */; };
		20E5E5CB22379717000365A3 /* STKExtensions.swift in Sources */ = {isa = PBXBuildFile; fileRef = 20E5E5CA22379717000365A3 /* STKExtensions.swift */; };
		20E5E5D622379992000365A3 /* TableViewDataSourceAndDelegate.swift in Sources */ = {isa = PBXBuildFile; fileRef = 20E5E5D122379992000365A3 /* TableViewDataSourceAndDelegate.swift */; };
		20E5E5D722379992000365A3 /* CollectionViewDataSourceAndDelegate.swift in Sources */ = {isa = PBXBuildFile; fileRef = 20E5E5D222379992000365A3 /* CollectionViewDataSourceAndDelegate.swift */; };
/* End PBXBuildFile section */

/* Begin PBXFileReference section */
		2009D7972237AA1B00A94F4C /* STKSection.swift */ = {isa = PBXFileReference; fileEncoding = 4; lastKnownFileType = sourcecode.swift; path = STKSection.swift; sourceTree = "<group>"; };
		2009D7982237AA1B00A94F4C /* STKCollectionSection.swift */ = {isa = PBXFileReference; fileEncoding = 4; lastKnownFileType = sourcecode.swift; path = STKCollectionSection.swift; sourceTree = "<group>"; };
		2009D7992237AA1B00A94F4C /* STKTableSection.swift */ = {isa = PBXFileReference; fileEncoding = 4; lastKnownFileType = sourcecode.swift; path = STKTableSection.swift; sourceTree = "<group>"; };
		2009D79B2237AA1B00A94F4C /* STKItem.swift */ = {isa = PBXFileReference; fileEncoding = 4; lastKnownFileType = sourcecode.swift; path = STKItem.swift; sourceTree = "<group>"; };
		2035606F2227CDB700D80F30 /* TableCellRegisterer.swift */ = {isa = PBXFileReference; fileEncoding = 4; lastKnownFileType = sourcecode.swift; path = TableCellRegisterer.swift; sourceTree = "<group>"; };
		203560702227CDB700D80F30 /* STKSafeArray.swift */ = {isa = PBXFileReference; fileEncoding = 4; lastKnownFileType = sourcecode.swift; path = STKSafeArray.swift; sourceTree = "<group>"; };
		203560742227CDB700D80F30 /* STKItemAction.swift */ = {isa = PBXFileReference; fileEncoding = 4; lastKnownFileType = sourcecode.swift; path = STKItemAction.swift; sourceTree = "<group>"; };
		204C77F8222CF12C00F6C995 /* TableManager.swift */ = {isa = PBXFileReference; fileEncoding = 4; lastKnownFileType = sourcecode.swift; path = TableManager.swift; sourceTree = "<group>"; };
		20C4EE95222E9CB900ECBCF0 /* Animator.swift */ = {isa = PBXFileReference; lastKnownFileType = sourcecode.swift; path = Animator.swift; sourceTree = "<group>"; };
		20E5E5A922364E3A000365A3 /* ApplyAnimationOptions.swift */ = {isa = PBXFileReference; fileEncoding = 4; lastKnownFileType = sourcecode.swift; path = ApplyAnimationOptions.swift; sourceTree = "<group>"; };
		20E5E5AA22364E3A000365A3 /* TableAnimatorConfiguration.swift */ = {isa = PBXFileReference; fileEncoding = 4; lastKnownFileType = sourcecode.swift; path = TableAnimatorConfiguration.swift; sourceTree = "<group>"; };
		20E5E5AB22364E3A000365A3 /* SingleSectionTableAnimator.swift */ = {isa = PBXFileReference; fileEncoding = 4; lastKnownFileType = sourcecode.swift; path = SingleSectionTableAnimator.swift; sourceTree = "<group>"; };
		20E5E5AC22364E3A000365A3 /* ApplyHelpers.swift */ = {isa = PBXFileReference; fileEncoding = 4; lastKnownFileType = sourcecode.swift; path = ApplyHelpers.swift; sourceTree = "<group>"; };
		20E5E5AD22364E3A000365A3 /* TableAnimationSafeApplier.swift */ = {isa = PBXFileReference; fileEncoding = 4; lastKnownFileType = sourcecode.swift; path = TableAnimationSafeApplier.swift; sourceTree = "<group>"; };
		20E5E5AE22364E3A000365A3 /* TableAnimationApplier.swift */ = {isa = PBXFileReference; fileEncoding = 4; lastKnownFileType = sourcecode.swift; path = TableAnimationApplier.swift; sourceTree = "<group>"; };
		20E5E5AF22364E3A000365A3 /* TableAnimator.swift */ = {isa = PBXFileReference; fileEncoding = 4; lastKnownFileType = sourcecode.swift; path = TableAnimator.swift; sourceTree = "<group>"; };
		20E5E5B022364E3A000365A3 /* TableAnimations.swift */ = {isa = PBXFileReference; fileEncoding = 4; lastKnownFileType = sourcecode.swift; path = TableAnimations.swift; sourceTree = "<group>"; };
		20E5E5B122364E3A000365A3 /* TableAnimationsProtocols.swift */ = {isa = PBXFileReference; fileEncoding = 4; lastKnownFileType = sourcecode.swift; path = TableAnimationsProtocols.swift; sourceTree = "<group>"; };
		20E5E5C8223794E5000365A3 /* STKProtocols.swift */ = {isa = PBXFileReference; lastKnownFileType = sourcecode.swift; path = STKProtocols.swift; sourceTree = "<group>"; };
		20E5E5CA22379717000365A3 /* STKExtensions.swift */ = {isa = PBXFileReference; lastKnownFileType = sourcecode.swift; path = STKExtensions.swift; sourceTree = "<group>"; };
		20E5E5D122379992000365A3 /* TableViewDataSourceAndDelegate.swift */ = {isa = PBXFileReference; fileEncoding = 4; lastKnownFileType = sourcecode.swift; path = TableViewDataSourceAndDelegate.swift; sourceTree = "<group>"; };
		20E5E5D222379992000365A3 /* CollectionViewDataSourceAndDelegate.swift */ = {isa = PBXFileReference; fileEncoding = 4; lastKnownFileType = sourcecode.swift; path = CollectionViewDataSourceAndDelegate.swift; sourceTree = "<group>"; };
		DA9EA7561D0B679A0021F650 /* SbisTableKit.framework */ = {isa = PBXFileReference; explicitFileType = wrapper.framework; includeInIndex = 0; path = SbisTableKit.framework; sourceTree = BUILT_PRODUCTS_DIR; };
		DA9EA7B91D0EC34E0021F650 /* SbisTableKit.plist */ = {isa = PBXFileReference; fileEncoding = 4; lastKnownFileType = text.plist.xml; path = SbisTableKit.plist; sourceTree = "<group>"; };
		DA9EA7BA1D0EC34E0021F650 /* SbisTableKitTests.plist */ = {isa = PBXFileReference; fileEncoding = 4; lastKnownFileType = text.plist.xml; path = SbisTableKitTests.plist; sourceTree = "<group>"; };
/* End PBXFileReference section */

/* Begin PBXFrameworksBuildPhase section */
		DA9EA7521D0B679A0021F650 /* Frameworks */ = {
			isa = PBXFrameworksBuildPhase;
			buildActionMask = 2147483647;
			files = (
			);
			runOnlyForDeploymentPostprocessing = 0;
		};
/* End PBXFrameworksBuildPhase section */

/* Begin PBXGroup section */
		2009D7952237AA1B00A94F4C /* models */ = {
			isa = PBXGroup;
			children = (
				2009D7962237AA1B00A94F4C /* sections */,
				2009D79A2237AA1B00A94F4C /* item */,
			);
			path = models;
			sourceTree = "<group>";
		};
		2009D7962237AA1B00A94F4C /* sections */ = {
			isa = PBXGroup;
			children = (
				2009D7972237AA1B00A94F4C /* STKSection.swift */,
				2009D7982237AA1B00A94F4C /* STKCollectionSection.swift */,
				2009D7992237AA1B00A94F4C /* STKTableSection.swift */,
			);
			path = sections;
			sourceTree = "<group>";
		};
		2009D79A2237AA1B00A94F4C /* item */ = {
			isa = PBXGroup;
			children = (
				2009D79B2237AA1B00A94F4C /* STKItem.swift */,
			);
			path = item;
			sourceTree = "<group>";
		};
		2035606B2227CDB700D80F30 /* Code */ = {
			isa = PBXGroup;
			children = (
				2009D7952237AA1B00A94F4C /* models */,
				20E5E5D022379992000365A3 /* dataSourceAndDelegates */,
				20E5E5A822364E3A000365A3 /* tableAnimator */,
				204C77F8222CF12C00F6C995 /* TableManager.swift */,
				2035606F2227CDB700D80F30 /* TableCellRegisterer.swift */,
				203560702227CDB700D80F30 /* STKSafeArray.swift */,
				203560742227CDB700D80F30 /* STKItemAction.swift */,
				20C4EE95222E9CB900ECBCF0 /* Animator.swift */,
				20E5E5C8223794E5000365A3 /* STKProtocols.swift */,
				20E5E5CA22379717000365A3 /* STKExtensions.swift */,
			);
			path = Code;
			sourceTree = "<group>";
		};
		20E5E5A822364E3A000365A3 /* tableAnimator */ = {
			isa = PBXGroup;
			children = (
				20E5E5A922364E3A000365A3 /* ApplyAnimationOptions.swift */,
				20E5E5AA22364E3A000365A3 /* TableAnimatorConfiguration.swift */,
				20E5E5AB22364E3A000365A3 /* SingleSectionTableAnimator.swift */,
				20E5E5AC22364E3A000365A3 /* ApplyHelpers.swift */,
				20E5E5AD22364E3A000365A3 /* TableAnimationSafeApplier.swift */,
				20E5E5AE22364E3A000365A3 /* TableAnimationApplier.swift */,
				20E5E5AF22364E3A000365A3 /* TableAnimator.swift */,
				20E5E5B022364E3A000365A3 /* TableAnimations.swift */,
				20E5E5B122364E3A000365A3 /* TableAnimationsProtocols.swift */,
			);
			path = tableAnimator;
			sourceTree = "<group>";
		};
		20E5E5D022379992000365A3 /* dataSourceAndDelegates */ = {
			isa = PBXGroup;
			children = (
				20E5E5D122379992000365A3 /* TableViewDataSourceAndDelegate.swift */,
				20E5E5D222379992000365A3 /* CollectionViewDataSourceAndDelegate.swift */,
			);
			path = dataSourceAndDelegates;
			sourceTree = "<group>";
		};
		DA9EA74C1D0B679A0021F650 = {
			isa = PBXGroup;
			children = (
				DA9EA7B81D0EC31B0021F650 /* Configs */,
				DA9EA7571D0B679A0021F650 /* Products */,
				DA9EA7A51D0EC2B90021F650 /* Sources */,
			);
			sourceTree = "<group>";
		};
		DA9EA7571D0B679A0021F650 /* Products */ = {
			isa = PBXGroup;
			children = (
				DA9EA7561D0B679A0021F650 /* SbisTableKit.framework */,
			);
			name = Products;
			sourceTree = "<group>";
		};
		DA9EA7A51D0EC2B90021F650 /* Sources */ = {
			isa = PBXGroup;
			children = (
				2035606B2227CDB700D80F30 /* Code */,
			);
			path = Sources;
			sourceTree = "<group>";
		};
		DA9EA7B81D0EC31B0021F650 /* Configs */ = {
			isa = PBXGroup;
			children = (
				DA9EA7B91D0EC34E0021F650 /* SbisTableKit.plist */,
				DA9EA7BA1D0EC34E0021F650 /* SbisTableKitTests.plist */,
			);
			path = Configs;
			sourceTree = "<group>";
		};
/* End PBXGroup section */

/* Begin PBXHeadersBuildPhase section */
		DA9EA7531D0B679A0021F650 /* Headers */ = {
			isa = PBXHeadersBuildPhase;
			buildActionMask = 2147483647;
			files = (
			);
			runOnlyForDeploymentPostprocessing = 0;
		};
/* End PBXHeadersBuildPhase section */

/* Begin PBXNativeTarget section */
		DA9EA7551D0B679A0021F650 /* SbisTableKit */ = {
			isa = PBXNativeTarget;
			buildConfigurationList = DA9EA75E1D0B679A0021F650 /* Build configuration list for PBXNativeTarget "SbisTableKit" */;
			buildPhases = (
				DA9EA7511D0B679A0021F650 /* Sources */,
				DA9EA7521D0B679A0021F650 /* Frameworks */,
				DA9EA7531D0B679A0021F650 /* Headers */,
				DA9EA7541D0B679A0021F650 /* Resources */,
			);
			buildRules = (
			);
			dependencies = (
			);
			name = SbisTableKit;
			productName = TableKit;
			productReference = DA9EA7561D0B679A0021F650 /* SbisTableKit.framework */;
			productType = "com.apple.product-type.framework";
		};
/* End PBXNativeTarget section */

/* Begin PBXProject section */
		DA9EA74D1D0B679A0021F650 /* Project object */ = {
			isa = PBXProject;
			attributes = {
				LastSwiftUpdateCheck = 0730;
				LastUpgradeCheck = 1000;
				ORGANIZATIONNAME = Tensor;
				TargetAttributes = {
					DA9EA7551D0B679A0021F650 = {
						CreatedOnToolsVersion = 7.3;
						LastSwiftMigration = 1000;
					};
				};
			};
			buildConfigurationList = DA9EA7501D0B679A0021F650 /* Build configuration list for PBXProject "SbisTableKit" */;
			compatibilityVersion = "Xcode 3.2";
			developmentRegion = English;
			hasScannedForEncodings = 0;
			knownRegions = (
				en,
			);
			mainGroup = DA9EA74C1D0B679A0021F650;
			productRefGroup = DA9EA7571D0B679A0021F650 /* Products */;
			projectDirPath = "";
			projectRoot = "";
			targets = (
				DA9EA7551D0B679A0021F650 /* SbisTableKit */,
			);
		};
/* End PBXProject section */

/* Begin PBXResourcesBuildPhase section */
		DA9EA7541D0B679A0021F650 /* Resources */ = {
			isa = PBXResourcesBuildPhase;
			buildActionMask = 2147483647;
			files = (
			);
			runOnlyForDeploymentPostprocessing = 0;
		};
/* End PBXResourcesBuildPhase section */

/* Begin PBXSourcesBuildPhase section */
		DA9EA7511D0B679A0021F650 /* Sources */ = {
			isa = PBXSourcesBuildPhase;
			buildActionMask = 2147483647;
			files = (
				20C4EE96222E9CB900ECBCF0 /* Animator.swift in Sources */,
				20E5E5C9223794E5000365A3 /* STKProtocols.swift in Sources */,
				20E5E5B922364E3A000365A3 /* TableAnimations.swift in Sources */,
				20E5E5B322364E3A000365A3 /* TableAnimatorConfiguration.swift in Sources */,
				20E5E5BA22364E3A000365A3 /* TableAnimationsProtocols.swift in Sources */,
				203560802227CDB700D80F30 /* STKItemAction.swift in Sources */,
				204C77F9222CF12C00F6C995 /* TableManager.swift in Sources */,
				20E5E5B522364E3A000365A3 /* ApplyHelpers.swift in Sources */,
				20E5E5B222364E3A000365A3 /* ApplyAnimationOptions.swift in Sources */,
				20E5E5B722364E3A000365A3 /* TableAnimationApplier.swift in Sources */,
				2009D79D2237AA1B00A94F4C /* STKCollectionSection.swift in Sources */,
				2009D79E2237AA1B00A94F4C /* STKTableSection.swift in Sources */,
				2009D79F2237AA1B00A94F4C /* STKItem.swift in Sources */,
				2035607C2227CDB700D80F30 /* STKSafeArray.swift in Sources */,
				20E5E5B622364E3A000365A3 /* TableAnimationSafeApplier.swift in Sources */,
				20E5E5D622379992000365A3 /* TableViewDataSourceAndDelegate.swift in Sources */,
				20E5E5CB22379717000365A3 /* STKExtensions.swift in Sources */,
				2009D79C2237AA1B00A94F4C /* STKSection.swift in Sources */,
				2035607B2227CDB700D80F30 /* TableCellRegisterer.swift in Sources */,
				20E5E5B822364E3A000365A3 /* TableAnimator.swift in Sources */,
				20E5E5B422364E3A000365A3 /* SingleSectionTableAnimator.swift in Sources */,
				20E5E5D722379992000365A3 /* CollectionViewDataSourceAndDelegate.swift in Sources */,
			);
			runOnlyForDeploymentPostprocessing = 0;
		};
/* End PBXSourcesBuildPhase section */

/* Begin XCBuildConfiguration section */
		DA9EA75C1D0B679A0021F650 /* Debug */ = {
			isa = XCBuildConfiguration;
			buildSettings = {
				ALWAYS_SEARCH_USER_PATHS = NO;
				CLANG_ANALYZER_NONNULL = YES;
				CLANG_CXX_LANGUAGE_STANDARD = "gnu++0x";
				CLANG_CXX_LIBRARY = "libc++";
				CLANG_ENABLE_MODULES = YES;
				CLANG_ENABLE_OBJC_ARC = YES;
				CLANG_WARN_BLOCK_CAPTURE_AUTORELEASING = YES;
				CLANG_WARN_BOOL_CONVERSION = YES;
				CLANG_WARN_COMMA = YES;
				CLANG_WARN_CONSTANT_CONVERSION = YES;
				CLANG_WARN_DEPRECATED_OBJC_IMPLEMENTATIONS = YES;
				CLANG_WARN_DIRECT_OBJC_ISA_USAGE = YES_ERROR;
				CLANG_WARN_EMPTY_BODY = YES;
				CLANG_WARN_ENUM_CONVERSION = YES;
				CLANG_WARN_INFINITE_RECURSION = YES;
				CLANG_WARN_INT_CONVERSION = YES;
				CLANG_WARN_NON_LITERAL_NULL_CONVERSION = YES;
				CLANG_WARN_OBJC_IMPLICIT_RETAIN_SELF = YES;
				CLANG_WARN_OBJC_LITERAL_CONVERSION = YES;
				CLANG_WARN_OBJC_ROOT_CLASS = YES_ERROR;
				CLANG_WARN_RANGE_LOOP_ANALYSIS = YES;
				CLANG_WARN_STRICT_PROTOTYPES = YES;
				CLANG_WARN_SUSPICIOUS_MOVE = YES;
				CLANG_WARN_UNREACHABLE_CODE = YES;
				CLANG_WARN__DUPLICATE_METHOD_MATCH = YES;
				"CODE_SIGN_IDENTITY[sdk=iphoneos*]" = "iPhone Developer";
				COPY_PHASE_STRIP = NO;
				CURRENT_PROJECT_VERSION = 1;
				DEBUG_INFORMATION_FORMAT = dwarf;
				ENABLE_STRICT_OBJC_MSGSEND = YES;
				ENABLE_TESTABILITY = YES;
				GCC_C_LANGUAGE_STANDARD = gnu99;
				GCC_DYNAMIC_NO_PIC = NO;
				GCC_NO_COMMON_BLOCKS = YES;
				GCC_OPTIMIZATION_LEVEL = 0;
				GCC_PREPROCESSOR_DEFINITIONS = (
					"DEBUG=1",
					"$(inherited)",
				);
				GCC_WARN_64_TO_32_BIT_CONVERSION = YES;
				GCC_WARN_ABOUT_RETURN_TYPE = YES_ERROR;
				GCC_WARN_UNDECLARED_SELECTOR = YES;
				GCC_WARN_UNINITIALIZED_AUTOS = YES_AGGRESSIVE;
				GCC_WARN_UNUSED_FUNCTION = YES;
				GCC_WARN_UNUSED_VARIABLE = YES;
				IPHONEOS_DEPLOYMENT_TARGET = 8.0;
				MTL_ENABLE_DEBUG_INFO = YES;
				ONLY_ACTIVE_ARCH = YES;
				SDKROOT = iphoneos;
				SWIFT_OPTIMIZATION_LEVEL = "-Onone";
				SWIFT_VERSION = 4.0;
				TARGETED_DEVICE_FAMILY = "1,2";
				VERSIONING_SYSTEM = "apple-generic";
				VERSION_INFO_PREFIX = "";
			};
			name = Debug;
		};
		DA9EA75D1D0B679A0021F650 /* Release */ = {
			isa = XCBuildConfiguration;
			buildSettings = {
				ALWAYS_SEARCH_USER_PATHS = NO;
				CLANG_ANALYZER_NONNULL = YES;
				CLANG_CXX_LANGUAGE_STANDARD = "gnu++0x";
				CLANG_CXX_LIBRARY = "libc++";
				CLANG_ENABLE_MODULES = YES;
				CLANG_ENABLE_OBJC_ARC = YES;
				CLANG_WARN_BLOCK_CAPTURE_AUTORELEASING = YES;
				CLANG_WARN_BOOL_CONVERSION = YES;
				CLANG_WARN_COMMA = YES;
				CLANG_WARN_CONSTANT_CONVERSION = YES;
				CLANG_WARN_DEPRECATED_OBJC_IMPLEMENTATIONS = YES;
				CLANG_WARN_DIRECT_OBJC_ISA_USAGE = YES_ERROR;
				CLANG_WARN_EMPTY_BODY = YES;
				CLANG_WARN_ENUM_CONVERSION = YES;
				CLANG_WARN_INFINITE_RECURSION = YES;
				CLANG_WARN_INT_CONVERSION = YES;
				CLANG_WARN_NON_LITERAL_NULL_CONVERSION = YES;
				CLANG_WARN_OBJC_IMPLICIT_RETAIN_SELF = YES;
				CLANG_WARN_OBJC_LITERAL_CONVERSION = YES;
				CLANG_WARN_OBJC_ROOT_CLASS = YES_ERROR;
				CLANG_WARN_RANGE_LOOP_ANALYSIS = YES;
				CLANG_WARN_STRICT_PROTOTYPES = YES;
				CLANG_WARN_SUSPICIOUS_MOVE = YES;
				CLANG_WARN_UNREACHABLE_CODE = YES;
				CLANG_WARN__DUPLICATE_METHOD_MATCH = YES;
				"CODE_SIGN_IDENTITY[sdk=iphoneos*]" = "iPhone Developer";
				COPY_PHASE_STRIP = NO;
				CURRENT_PROJECT_VERSION = 1;
				DEBUG_INFORMATION_FORMAT = "dwarf-with-dsym";
				ENABLE_NS_ASSERTIONS = NO;
				ENABLE_STRICT_OBJC_MSGSEND = YES;
				GCC_C_LANGUAGE_STANDARD = gnu99;
				GCC_NO_COMMON_BLOCKS = YES;
				GCC_WARN_64_TO_32_BIT_CONVERSION = YES;
				GCC_WARN_ABOUT_RETURN_TYPE = YES_ERROR;
				GCC_WARN_UNDECLARED_SELECTOR = YES;
				GCC_WARN_UNINITIALIZED_AUTOS = YES_AGGRESSIVE;
				GCC_WARN_UNUSED_FUNCTION = YES;
				GCC_WARN_UNUSED_VARIABLE = YES;
				IPHONEOS_DEPLOYMENT_TARGET = 8.0;
				MTL_ENABLE_DEBUG_INFO = NO;
				SDKROOT = iphoneos;
				SWIFT_OPTIMIZATION_LEVEL = "-Owholemodule";
				SWIFT_VERSION = 4.0;
				TARGETED_DEVICE_FAMILY = "1,2";
				VALIDATE_PRODUCT = YES;
				VERSIONING_SYSTEM = "apple-generic";
				VERSION_INFO_PREFIX = "";
			};
			name = Release;
		};
		DA9EA75F1D0B679A0021F650 /* Debug */ = {
			isa = XCBuildConfiguration;
			buildSettings = {
				CLANG_ENABLE_MODULES = YES;
				"CODE_SIGN_IDENTITY[sdk=iphoneos*]" = "";
				DEFINES_MODULE = YES;
				DYLIB_COMPATIBILITY_VERSION = 1;
				DYLIB_CURRENT_VERSION = 1;
				DYLIB_INSTALL_NAME_BASE = "@rpath";
				INFOPLIST_FILE = Configs/SbisTableKit.plist;
				INSTALL_PATH = "$(LOCAL_LIBRARY_DIR)/Frameworks";
				IPHONEOS_DEPLOYMENT_TARGET = 8.0;
				LD_RUNPATH_SEARCH_PATHS = "$(inherited) @executable_path/Frameworks @loader_path/Frameworks";
				PRODUCT_BUNDLE_IDENTIFIER = com.tablekit.TableKit;
				PRODUCT_NAME = "$(TARGET_NAME)";
				SKIP_INSTALL = YES;
				SWIFT_OPTIMIZATION_LEVEL = "-Onone";
				SWIFT_VERSION = 4.2;
			};
			name = Debug;
		};
		DA9EA7601D0B679A0021F650 /* Release */ = {
			isa = XCBuildConfiguration;
			buildSettings = {
				CLANG_ENABLE_MODULES = YES;
				"CODE_SIGN_IDENTITY[sdk=iphoneos*]" = "";
				DEFINES_MODULE = YES;
				DYLIB_COMPATIBILITY_VERSION = 1;
				DYLIB_CURRENT_VERSION = 1;
				DYLIB_INSTALL_NAME_BASE = "@rpath";
				INFOPLIST_FILE = Configs/SbisTableKit.plist;
				INSTALL_PATH = "$(LOCAL_LIBRARY_DIR)/Frameworks";
				IPHONEOS_DEPLOYMENT_TARGET = 8.0;
				LD_RUNPATH_SEARCH_PATHS = "$(inherited) @executable_path/Frameworks @loader_path/Frameworks";
				PRODUCT_BUNDLE_IDENTIFIER = com.tablekit.TableKit;
				PRODUCT_NAME = "$(TARGET_NAME)";
				SKIP_INSTALL = YES;
				SWIFT_VERSION = 4.2;
			};
			name = Release;
		};
/* End XCBuildConfiguration section */

/* Begin XCConfigurationList section */
		DA9EA7501D0B679A0021F650 /* Build configuration list for PBXProject "SbisTableKit" */ = {
			isa = XCConfigurationList;
			buildConfigurations = (
				DA9EA75C1D0B679A0021F650 /* Debug */,
				DA9EA75D1D0B679A0021F650 /* Release */,
			);
			defaultConfigurationIsVisible = 0;
			defaultConfigurationName = Release;
		};
		DA9EA75E1D0B679A0021F650 /* Build configuration list for PBXNativeTarget "SbisTableKit" */ = {
			isa = XCConfigurationList;
			buildConfigurations = (
				DA9EA75F1D0B679A0021F650 /* Debug */,
				DA9EA7601D0B679A0021F650 /* Release */,
			);
			defaultConfigurationIsVisible = 0;
			defaultConfigurationName = Release;
		};
/* End XCConfigurationList section */
	};
	rootObject = DA9EA74D1D0B679A0021F650 /* Project object */;
}
